
Microsoft Visual Studio Solution File, Format Version 12.00
# Visual Studio 14
VisualStudioVersion = 14.0.25420.1
MinimumVisualStudioVersion = 10.0.40219.1
Project("{8BC9CEB8-8B4A-11D0-8D11-00A0C91BC942}") = "PermutationGroup", "PermutationGroup.vcxproj", "{DCB1164F-64FF-443E-AB56-2517145B33DC}"
EndProject
Project("{8BC9CEB8-8B4A-11D0-8D11-00A0C91BC942}") = "Test", "Test\Test.vcxproj", "{64CA52BD-66B9-4EDC-B463-8764CC7C743C}"
	ProjectSection(ProjectDependencies) = postProject
		{DCB1164F-64FF-443E-AB56-2517145B33DC} = {DCB1164F-64FF-443E-AB56-2517145B33DC}
	EndProjectSection
EndProject
Project("{8BC9CEB8-8B4A-11D0-8D11-00A0C91BC942}") = "PyPermGroup", "PyPermGroup\PyPermGroup.vcxproj", "{6D7E89FE-8134-470D-9B53-9776FE5B02F5}"
EndProject
Global
	GlobalSection(SolutionConfigurationPlatforms) = preSolution
		Debug|x64 = Debug|x64
		Debug|x86 = Debug|x86
		Release|x64 = Release|x64
		Release|x86 = Release|x86
	EndGlobalSection
	GlobalSection(ProjectConfigurationPlatforms) = postSolution
		{DCB1164F-64FF-443E-AB56-2517145B33DC}.Debug|x64.ActiveCfg = Debug|x64
		{DCB1164F-64FF-443E-AB56-2517145B33DC}.Debug|x64.Build.0 = Debug|x64
		{DCB1164F-64FF-443E-AB56-2517145B33DC}.Debug|x86.ActiveCfg = Debug|Win32
		{DCB1164F-64FF-443E-AB56-2517145B33DC}.Debug|x86.Build.0 = Debug|Win32
		{DCB1164F-64FF-443E-AB56-2517145B33DC}.Release|x64.ActiveCfg = Release|x64
		{DCB1164F-64FF-443E-AB56-2517145B33DC}.Release|x64.Build.0 = Release|x64
		{DCB1164F-64FF-443E-AB56-2517145B33DC}.Release|x86.ActiveCfg = Release|Win32
		{DCB1164F-64FF-443E-AB56-2517145B33DC}.Release|x86.Build.0 = Release|Win32
		{64CA52BD-66B9-4EDC-B463-8764CC7C743C}.Debug|x64.ActiveCfg = Debug|x64
		{64CA52BD-66B9-4EDC-B463-8764CC7C743C}.Debug|x64.Build.0 = Debug|x64
		{64CA52BD-66B9-4EDC-B463-8764CC7C743C}.Debug|x86.ActiveCfg = Debug|Win32
		{64CA52BD-66B9-4EDC-B463-8764CC7C743C}.Debug|x86.Build.0 = Debug|Win32
		{64CA52BD-66B9-4EDC-B463-8764CC7C743C}.Release|x64.ActiveCfg = Release|x64
		{64CA52BD-66B9-4EDC-B463-8764CC7C743C}.Release|x64.Build.0 = Release|x64
		{64CA52BD-66B9-4EDC-B463-8764CC7C743C}.Release|x86.ActiveCfg = Release|Win32
		{64CA52BD-66B9-4EDC-B463-8764CC7C743C}.Release|x86.Build.0 = Release|Win32
		{6D7E89FE-8134-470D-9B53-9776FE5B02F5}.Debug|x64.ActiveCfg = Debug|x64
		{6D7E89FE-8134-470D-9B53-9776FE5B02F5}.Debug|x64.Build.0 = Debug|x64
		{6D7E89FE-8134-470D-9B53-9776FE5B02F5}.Debug|x86.ActiveCfg = Debug|Win32
		{6D7E89FE-8134-470D-9B53-9776FE5B02F5}.Debug|x86.Build.0 = Debug|Win32
		{6D7E89FE-8134-470D-9B53-9776FE5B02F5}.Release|x64.ActiveCfg = Release|x64
		{6D7E89FE-8134-470D-9B53-9776FE5B02F5}.Release|x64.Build.0 = Release|x64
		{6D7E89FE-8134-470D-9B53-9776FE5B02F5}.Release|x86.ActiveCfg = Release|Win32
		{6D7E89FE-8134-470D-9B53-9776FE5B02F5}.Release|x86.Build.0 = Release|Win32
	EndGlobalSection
	GlobalSection(SolutionProperties) = preSolution
		HideSolutionNode = FALSE
	EndGlobalSection
EndGlobal
